// !$*UTF8*$!
{
	archiveVersion = 1;
	classes = {
	};
	objectVersion = 46;
	objects = {

/* Begin PBXBuildFile section */
		32A70A221E760285002AE8AF /* AppDelegate.swift in Sources */ = {isa = PBXBuildFile; fileRef = 32A70A211E760285002AE8AF /* AppDelegate.swift */; };
		32A70A241E760285002AE8AF /* ViewController.swift in Sources */ = {isa = PBXBuildFile; fileRef = 32A70A231E760285002AE8AF /* ViewController.swift */; };
		32A70A271E760285002AE8AF /* Main.storyboard in Resources */ = {isa = PBXBuildFile; fileRef = 32A70A251E760285002AE8AF /* Main.storyboard */; };
		32A70A2A1E760285002AE8AF /* cip_calc_031217.xcdatamodeld in Sources */ = {isa = PBXBuildFile; fileRef = 32A70A281E760285002AE8AF /* cip_calc_031217.xcdatamodeld */; };
		32A70A2C1E760285002AE8AF /* Assets.xcassets in Resources */ = {isa = PBXBuildFile; fileRef = 32A70A2B1E760285002AE8AF /* Assets.xcassets */; };
		32A70A2F1E760285002AE8AF /* LaunchScreen.storyboard in Resources */ = {isa = PBXBuildFile; fileRef = 32A70A2D1E760285002AE8AF /* LaunchScreen.storyboard */; };
		32A70A3A1E760285002AE8AF /* cip_calc_031217Tests.swift in Sources */ = {isa = PBXBuildFile; fileRef = 32A70A391E760285002AE8AF /* cip_calc_031217Tests.swift */; };
		32A70A451E760285002AE8AF /* cip_calc_031217UITests.swift in Sources */ = {isa = PBXBuildFile; fileRef = 32A70A441E760285002AE8AF /* cip_calc_031217UITests.swift */; };
/* End PBXBuildFile section */

/* Begin PBXContainerItemProxy section */
		32A70A361E760285002AE8AF /* PBXContainerItemProxy */ = {
			isa = PBXContainerItemProxy;
			containerPortal = 32A70A161E760285002AE8AF /* Project object */;
			proxyType = 1;
			remoteGlobalIDString = 32A70A1D1E760285002AE8AF;
			remoteInfo = cip_calc_031217;
		};
		32A70A411E760285002AE8AF /* PBXContainerItemProxy */ = {
			isa = PBXContainerItemProxy;
			containerPortal = 32A70A161E760285002AE8AF /* Project object */;
			proxyType = 1;
			remoteGlobalIDString = 32A70A1D1E760285002AE8AF;
			remoteInfo = cip_calc_031217;
		};
/* End PBXContainerItemProxy section */

/* Begin PBXFileReference section */
		32A70A1E1E760285002AE8AF /* cip_calc_031217.app */ = {isa = PBXFileReference; explicitFileType = wrapper.application; includeInIndex = 0; path = cip_calc_031217.app; sourceTree = BUILT_PRODUCTS_DIR; };
		32A70A211E760285002AE8AF /* AppDelegate.swift */ = {isa = PBXFileReference; lastKnownFileType = sourcecode.swift; path = AppDelegate.swift; sourceTree = "<group>"; };
		32A70A231E760285002AE8AF /* ViewController.swift */ = {isa = PBXFileReference; lastKnownFileType = sourcecode.swift; path = ViewController.swift; sourceTree = "<group>"; };
		32A70A261E760285002AE8AF /* Base */ = {isa = PBXFileReference; lastKnownFileType = file.storyboard; name = Base; path = Base.lproj/Main.storyboard; sourceTree = "<group>"; };
		32A70A291E760285002AE8AF /* cip_calc_031217.xcdatamodel */ = {isa = PBXFileReference; lastKnownFileType = wrapper.xcdatamodel; path = cip_calc_031217.xcdatamodel; sourceTree = "<group>"; };
		32A70A2B1E760285002AE8AF /* Assets.xcassets */ = {isa = PBXFileReference; lastKnownFileType = folder.assetcatalog; path = Assets.xcassets; sourceTree = "<group>"; };
		32A70A2E1E760285002AE8AF /* Base */ = {isa = PBXFileReference; lastKnownFileType = file.storyboard; name = Base; path = Base.lproj/LaunchScreen.storyboard; sourceTree = "<group>"; };
		32A70A301E760285002AE8AF /* Info.plist */ = {isa = PBXFileReference; lastKnownFileType = text.plist.xml; path = Info.plist; sourceTree = "<group>"; };
		32A70A351E760285002AE8AF /* cip_calc_031217Tests.xctest */ = {isa = PBXFileReference; explicitFileType = wrapper.cfbundle; includeInIndex = 0; path = cip_calc_031217Tests.xctest; sourceTree = BUILT_PRODUCTS_DIR; };
		32A70A391E760285002AE8AF /* cip_calc_031217Tests.swift */ = {isa = PBXFileReference; lastKnownFileType = sourcecode.swift; path = cip_calc_031217Tests.swift; sourceTree = "<group>"; };
		32A70A3B1E760285002AE8AF /* Info.plist */ = {isa = PBXFileReference; lastKnownFileType = text.plist.xml; path = Info.plist; sourceTree = "<group>"; };
		32A70A401E760285002AE8AF /* cip_calc_031217UITests.xctest */ = {isa = PBXFileReference; explicitFileType = wrapper.cfbundle; includeInIndex = 0; path = cip_calc_031217UITests.xctest; sourceTree = BUILT_PRODUCTS_DIR; };
		32A70A441E760285002AE8AF /* cip_calc_031217UITests.swift */ = {isa = PBXFileReference; lastKnownFileType = sourcecode.swift; path = cip_calc_031217UITests.swift; sourceTree = "<group>"; };
		32A70A461E760285002AE8AF /* Info.plist */ = {isa = PBXFileReference; lastKnownFileType = text.plist.xml; path = Info.plist; sourceTree = "<group>"; };
/* End PBXFileReference section */

/* Begin PBXFrameworksBuildPhase section */
		32A70A1B1E760285002AE8AF /* Frameworks */ = {
			isa = PBXFrameworksBuildPhase;
			buildActionMask = 2147483647;
			files = (
			);
			runOnlyForDeploymentPostprocessing = 0;
		};
		32A70A321E760285002AE8AF /* Frameworks */ = {
			isa = PBXFrameworksBuildPhase;
			buildActionMask = 2147483647;
			files = (
			);
			runOnlyForDeploymentPostprocessing = 0;
		};
		32A70A3D1E760285002AE8AF /* Frameworks */ = {
			isa = PBXFrameworksBuildPhase;
			buildActionMask = 2147483647;
			files = (
			);
			runOnlyForDeploymentPostprocessing = 0;
		};
/* End PBXFrameworksBuildPhase section */

/* Begin PBXGroup section */
		32A70A151E760285002AE8AF = {
			isa = PBXGroup;
			children = (
				32A70A201E760285002AE8AF /* cip_calc_031217 */,
				32A70A381E760285002AE8AF /* cip_calc_031217Tests */,
				32A70A431E760285002AE8AF /* cip_calc_031217UITests */,
				32A70A1F1E760285002AE8AF /* Products */,
			);
			sourceTree = "<group>";
		};
		32A70A1F1E760285002AE8AF /* Products */ = {
			isa = PBXGroup;
			children = (
				32A70A1E1E760285002AE8AF /* cip_calc_031217.app */,
				32A70A351E760285002AE8AF /* cip_calc_031217Tests.xctest */,
				32A70A401E760285002AE8AF /* cip_calc_031217UITests.xctest */,
			);
			name = Products;
			sourceTree = "<group>";
		};
		32A70A201E760285002AE8AF /* cip_calc_031217 */ = {
			isa = PBXGroup;
			children = (
				32A70A211E760285002AE8AF /* AppDelegate.swift */,
				32A70A231E760285002AE8AF /* ViewController.swift */,
				32A70A251E760285002AE8AF /* Main.storyboard */,
				32A70A2B1E760285002AE8AF /* Assets.xcassets */,
				32A70A2D1E760285002AE8AF /* LaunchScreen.storyboard */,
				32A70A301E760285002AE8AF /* Info.plist */,
				32A70A281E760285002AE8AF /* cip_calc_031217.xcdatamodeld */,
			);
			path = cip_calc_031217;
			sourceTree = "<group>";
		};
		32A70A381E760285002AE8AF /* cip_calc_031217Tests */ = {
			isa = PBXGroup;
			children = (
				32A70A391E760285002AE8AF /* cip_calc_031217Tests.swift */,
				32A70A3B1E760285002AE8AF /* Info.plist */,
			);
			path = cip_calc_031217Tests;
			sourceTree = "<group>";
		};
		32A70A431E760285002AE8AF /* cip_calc_031217UITests */ = {
			isa = PBXGroup;
			children = (
				32A70A441E760285002AE8AF /* cip_calc_031217UITests.swift */,
				32A70A461E760285002AE8AF /* Info.plist */,
			);
			path = cip_calc_031217UITests;
			sourceTree = "<group>";
		};
/* End PBXGroup section */

/* Begin PBXNativeTarget section */
		32A70A1D1E760285002AE8AF /* cip_calc_031217 */ = {
			isa = PBXNativeTarget;
			buildConfigurationList = 32A70A491E760285002AE8AF /* Build configuration list for PBXNativeTarget "cip_calc_031217" */;
			buildPhases = (
				32A70A1A1E760285002AE8AF /* Sources */,
				32A70A1B1E760285002AE8AF /* Frameworks */,
				32A70A1C1E760285002AE8AF /* Resources */,
			);
			buildRules = (
			);
			dependencies = (
			);
			name = cip_calc_031217;
			productName = cip_calc_031217;
			productReference = 32A70A1E1E760285002AE8AF /* cip_calc_031217.app */;
			productType = "com.apple.product-type.application";
		};
		32A70A341E760285002AE8AF /* cip_calc_031217Tests */ = {
			isa = PBXNativeTarget;
			buildConfigurationList = 32A70A4C1E760285002AE8AF /* Build configuration list for PBXNativeTarget "cip_calc_031217Tests" */;
			buildPhases = (
				32A70A311E760285002AE8AF /* Sources */,
				32A70A321E760285002AE8AF /* Frameworks */,
				32A70A331E760285002AE8AF /* Resources */,
			);
			buildRules = (
			);
			dependencies = (
				32A70A371E760285002AE8AF /* PBXTargetDependency */,
			);
			name = cip_calc_031217Tests;
			productName = cip_calc_031217Tests;
			productReference = 32A70A351E760285002AE8AF /* cip_calc_031217Tests.xctest */;
			productType = "com.apple.product-type.bundle.unit-test";
		};
		32A70A3F1E760285002AE8AF /* cip_calc_031217UITests */ = {
			isa = PBXNativeTarget;
			buildConfigurationList = 32A70A4F1E760285002AE8AF /* Build configuration list for PBXNativeTarget "cip_calc_031217UITests" */;
			buildPhases = (
				32A70A3C1E760285002AE8AF /* Sources */,
				32A70A3D1E760285002AE8AF /* Frameworks */,
				32A70A3E1E760285002AE8AF /* Resources */,
			);
			buildRules = (
			);
			dependencies = (
				32A70A421E760285002AE8AF /* PBXTargetDependency */,
			);
			name = cip_calc_031217UITests;
			productName = cip_calc_031217UITests;
			productReference = 32A70A401E760285002AE8AF /* cip_calc_031217UITests.xctest */;
			productType = "com.apple.product-type.bundle.ui-testing";
		};
/* End PBXNativeTarget section */

/* Begin PBXProject section */
		32A70A161E760285002AE8AF /* Project object */ = {
			isa = PBXProject;
			attributes = {
				LastSwiftUpdateCheck = 0820;
				LastUpgradeCheck = 0820;
				ORGANIZATIONNAME = "David Hochhaus";
				TargetAttributes = {
					32A70A1D1E760285002AE8AF = {
						CreatedOnToolsVersion = 8.2.1;
						ProvisioningStyle = Automatic;
					};
					32A70A341E760285002AE8AF = {
						CreatedOnToolsVersion = 8.2.1;
						ProvisioningStyle = Automatic;
						TestTargetID = 32A70A1D1E760285002AE8AF;
					};
					32A70A3F1E760285002AE8AF = {
						CreatedOnToolsVersion = 8.2.1;
						ProvisioningStyle = Automatic;
						TestTargetID = 32A70A1D1E760285002AE8AF;
					};
				};
			};
			buildConfigurationList = 32A70A191E760285002AE8AF /* Build configuration list for PBXProject "cip_calc_031217" */;
			compatibilityVersion = "Xcode 3.2";
			developmentRegion = English;
			hasScannedForEncodings = 0;
			knownRegions = (
				en,
				Base,
			);
			mainGroup = 32A70A151E760285002AE8AF;
			productRefGroup = 32A70A1F1E760285002AE8AF /* Products */;
			projectDirPath = "";
			projectRoot = "";
			targets = (
				32A70A1D1E760285002AE8AF /* cip_calc_031217 */,
				32A70A341E760285002AE8AF /* cip_calc_031217Tests */,
				32A70A3F1E760285002AE8AF /* cip_calc_031217UITests */,
			);
		};
/* End PBXProject section */

/* Begin PBXResourcesBuildPhase section */
		32A70A1C1E760285002AE8AF /* Resources */ = {
			isa = PBXResourcesBuildPhase;
			buildActionMask = 2147483647;
			files = (
				32A70A2F1E760285002AE8AF /* LaunchScreen.storyboard in Resources */,
				32A70A2C1E760285002AE8AF /* Assets.xcassets in Resources */,
				32A70A271E760285002AE8AF /* Main.storyboard in Resources */,
			);
			runOnlyForDeploymentPostprocessing = 0;
		};
		32A70A331E760285002AE8AF /* Resources */ = {
			isa = PBXResourcesBuildPhase;
			buildActionMask = 2147483647;
			files = (
			);
			runOnlyForDeploymentPostprocessing = 0;
		};
		32A70A3E1E760285002AE8AF /* Resources */ = {
			isa = PBXResourcesBuildPhase;
			buildActionMask = 2147483647;
			files = (
			);
			runOnlyForDeploymentPostprocessing = 0;
		};
/* End PBXResourcesBuildPhase section */

/* Begin PBXSourcesBuildPhase section */
		32A70A1A1E760285002AE8AF /* Sources */ = {
			isa = PBXSourcesBuildPhase;
			buildActionMask = 2147483647;
			files = (
				32A70A241E760285002AE8AF /* ViewController.swift in Sources */,
				32A70A2A1E760285002AE8AF /* cip_calc_031217.xcdatamodeld in Sources */,
				32A70A221E760285002AE8AF /* AppDelegate.swift in Sources */,
			);
			runOnlyForDeploymentPostprocessing = 0;
		};
		32A70A311E760285002AE8AF /* Sources */ = {
			isa = PBXSourcesBuildPhase;
			buildActionMask = 2147483647;
			files = (
				32A70A3A1E760285002AE8AF /* cip_calc_031217Tests.swift in Sources */,
			);
			runOnlyForDeploymentPostprocessing = 0;
		};
		32A70A3C1E760285002AE8AF /* Sources */ = {
			isa = PBXSourcesBuildPhase;
			buildActionMask = 2147483647;
			files = (
				32A70A451E760285002AE8AF /* cip_calc_031217UITests.swift in Sources */,
			);
			runOnlyForDeploymentPostprocessing = 0;
		};
/* End PBXSourcesBuildPhase section */

/* Begin PBXTargetDependency section */
		32A70A371E760285002AE8AF /* PBXTargetDependency */ = {
			isa = PBXTargetDependency;
			target = 32A70A1D1E760285002AE8AF /* cip_calc_031217 */;
			targetProxy = 32A70A361E760285002AE8AF /* PBXContainerItemProxy */;
		};
		32A70A421E760285002AE8AF /* PBXTargetDependency */ = {
			isa = PBXTargetDependency;
			target = 32A70A1D1E760285002AE8AF /* cip_calc_031217 */;
			targetProxy = 32A70A411E760285002AE8AF /* PBXContainerItemProxy */;
		};
/* End PBXTargetDependency section */

/* Begin PBXVariantGroup section */
		32A70A251E760285002AE8AF /* Main.storyboard */ = {
			isa = PBXVariantGroup;
			children = (
				32A70A261E760285002AE8AF /* Base */,
			);
			name = Main.storyboard;
			sourceTree = "<group>";
		};
		32A70A2D1E760285002AE8AF /* LaunchScreen.storyboard */ = {
			isa = PBXVariantGroup;
			children = (
				32A70A2E1E760285002AE8AF /* Base */,
			);
			name = LaunchScreen.storyboard;
			sourceTree = "<group>";
		};
/* End PBXVariantGroup section */

/* Begin XCBuildConfiguration section */
		32A70A471E760285002AE8AF /* Debug */ = {
			isa = XCBuildConfiguration;
			buildSettings = {
				ALWAYS_SEARCH_USER_PATHS = NO;
				CLANG_ANALYZER_NONNULL = YES;
				CLANG_CXX_LANGUAGE_STANDARD = "gnu++0x";
				CLANG_CXX_LIBRARY = "libc++";
				CLANG_ENABLE_MODULES = YES;
				CLANG_ENABLE_OBJC_ARC = YES;
				CLANG_WARN_BOOL_CONVERSION = YES;
				CLANG_WARN_CONSTANT_CONVERSION = YES;
				CLANG_WARN_DIRECT_OBJC_ISA_USAGE = YES_ERROR;
				CLANG_WARN_DOCUMENTATION_COMMENTS = YES;
				CLANG_WARN_EMPTY_BODY = YES;
				CLANG_WARN_ENUM_CONVERSION = YES;
				CLANG_WARN_INFINITE_RECURSION = YES;
				CLANG_WARN_INT_CONVERSION = YES;
				CLANG_WARN_OBJC_ROOT_CLASS = YES_ERROR;
				CLANG_WARN_SUSPICIOUS_MOVE = YES;
				CLANG_WARN_UNREACHABLE_CODE = YES;
				CLANG_WARN__DUPLICATE_METHOD_MATCH = YES;
				"CODE_SIGN_IDENTITY[sdk=iphoneos*]" = "iPhone Developer";
				COPY_PHASE_STRIP = NO;
				DEBUG_INFORMATION_FORMAT = dwarf;
				ENABLE_STRICT_OBJC_MSGSEND = YES;
				ENABLE_TESTABILITY = YES;
				GCC_C_LANGUAGE_STANDARD = gnu99;
				GCC_DYNAMIC_NO_PIC = NO;
				GCC_NO_COMMON_BLOCKS = YES;
				GCC_OPTIMIZATION_LEVEL = 0;
				GCC_PREPROCESSOR_DEFINITIONS = (
					"DEBUG=1",
					"$(inherited)",
				);
				GCC_WARN_64_TO_32_BIT_CONVERSION = YES;
				GCC_WARN_ABOUT_RETURN_TYPE = YES_ERROR;
				GCC_WARN_UNDECLARED_SELECTOR = YES;
				GCC_WARN_UNINITIALIZED_AUTOS = YES_AGGRESSIVE;
				GCC_WARN_UNUSED_FUNCTION = YES;
				GCC_WARN_UNUSED_VARIABLE = YES;
				IPHONEOS_DEPLOYMENT_TARGET = 10.2;
				MTL_ENABLE_DEBUG_INFO = YES;
				ONLY_ACTIVE_ARCH = YES;
				SDKROOT = iphoneos;
				SWIFT_ACTIVE_COMPILATION_CONDITIONS = DEBUG;
				SWIFT_OPTIMIZATION_LEVEL = "-Onone";
				TARGETED_DEVICE_FAMILY = "1,2";
			};
			name = Debug;
		};
		32A70A481E760285002AE8AF /* Release */ = {
			isa = XCBuildConfiguration;
			buildSettings = {
				ALWAYS_SEARCH_USER_PATHS = NO;
				CLANG_ANALYZER_NONNULL = YES;
				CLANG_CXX_LANGUAGE_STANDARD = "gnu++0x";
				CLANG_CXX_LIBRARY = "libc++";
				CLANG_ENABLE_MODULES = YES;
				CLANG_ENABLE_OBJC_ARC = YES;
				CLANG_WARN_BOOL_CONVERSION = YES;
				CLANG_WARN_CONSTANT_CONVERSION = YES;
				CLANG_WARN_DIRECT_OBJC_ISA_USAGE = YES_ERROR;
				CLANG_WARN_DOCUMENTATION_COMMENTS = YES;
				CLANG_WARN_EMPTY_BODY = YES;
				CLANG_WARN_ENUM_CONVERSION = YES;
				CLANG_WARN_INFINITE_RECURSION = YES;
				CLANG_WARN_INT_CONVERSION = YES;
				CLANG_WARN_OBJC_ROOT_CLASS = YES_ERROR;
				CLANG_WARN_SUSPICIOUS_MOVE = YES;
				CLANG_WARN_UNREACHABLE_CODE = YES;
				CLANG_WARN__DUPLICATE_METHOD_MATCH = YES;
				"CODE_SIGN_IDENTITY[sdk=iphoneos*]" = "iPhone Developer";
				COPY_PHASE_STRIP = NO;
				DEBUG_INFORMATION_FORMAT = "dwarf-with-dsym";
				ENABLE_NS_ASSERTIONS = NO;
				ENABLE_STRICT_OBJC_MSGSEND = YES;
				GCC_C_LANGUAGE_STANDARD = gnu99;
				GCC_NO_COMMON_BLOCKS = YES;
				GCC_WARN_64_TO_32_BIT_CONVERSION = YES;
				GCC_WARN_ABOUT_RETURN_TYPE = YES_ERROR;
				GCC_WARN_UNDECLARED_SELECTOR = YES;
				GCC_WARN_UNINITIALIZED_AUTOS = YES_AGGRESSIVE;
				GCC_WARN_UNUSED_FUNCTION = YES;
				GCC_WARN_UNUSED_VARIABLE = YES;
				IPHONEOS_DEPLOYMENT_TARGET = 10.2;
				MTL_ENABLE_DEBUG_INFO = NO;
				SDKROOT = iphoneos;
				SWIFT_OPTIMIZATION_LEVEL = "-Owholemodule";
				TARGETED_DEVICE_FAMILY = "1,2";
				VALIDATE_PRODUCT = YES;
			};
			name = Release;
		};
		32A70A4A1E760285002AE8AF /* Debug */ = {
			isa = XCBuildConfiguration;
			buildSettings = {
				ASSETCATALOG_COMPILER_APPICON_NAME = AppIcon;
				INFOPLIST_FILE = cip_calc_031217/Info.plist;
				LD_RUNPATH_SEARCH_PATHS = "$(inherited) @executable_path/Frameworks";
				PRODUCT_BUNDLE_IDENTIFIER = "dh.cip-calc-031217";
				PRODUCT_NAME = "$(TARGET_NAME)";
				SWIFT_VERSION = 3.0;
			};
			name = Debug;
		};
		32A70A4B1E760285002AE8AF /* Release */ = {
			isa = XCBuildConfiguration;
			buildSettings = {
				ASSETCATALOG_COMPILER_APPICON_NAME = AppIcon;
				INFOPLIST_FILE = cip_calc_031217/Info.plist;
				LD_RUNPATH_SEARCH_PATHS = "$(inherited) @executable_path/Frameworks";
				PRODUCT_BUNDLE_IDENTIFIER = "dh.cip-calc-031217";
				PRODUCT_NAME = "$(TARGET_NAME)";
				SWIFT_VERSION = 3.0;
			};
			name = Release;
		};
		32A70A4D1E760285002AE8AF /* Debug */ = {
			isa = XCBuildConfiguration;
			buildSettings = {
				ALWAYS_EMBED_SWIFT_STANDARD_LIBRARIES = YES;
				BUNDLE_LOADER = "$(TEST_HOST)";
				INFOPLIST_FILE = cip_calc_031217Tests/Info.plist;
				LD_RUNPATH_SEARCH_PATHS = "$(inherited) @executable_path/Frameworks @loader_path/Frameworks";
				PRODUCT_BUNDLE_IDENTIFIER = "dh.cip-calc-031217Tests";
				PRODUCT_NAME = "$(TARGET_NAME)";
				SWIFT_VERSION = 3.0;
				TEST_HOST = "$(BUILT_PRODUCTS_DIR)/cip_calc_031217.app/cip_calc_031217";
			};
			name = Debug;
		};
		32A70A4E1E760285002AE8AF /* Release */ = {
			isa = XCBuildConfiguration;
			buildSettings = {
				ALWAYS_EMBED_SWIFT_STANDARD_LIBRARIES = YES;
				BUNDLE_LOADER = "$(TEST_HOST)";
				INFOPLIST_FILE = cip_calc_031217Tests/Info.plist;
				LD_RUNPATH_SEARCH_PATHS = "$(inherited) @executable_path/Frameworks @loader_path/Frameworks";
				PRODUCT_BUNDLE_IDENTIFIER = "dh.cip-calc-031217Tests";
				PRODUCT_NAME = "$(TARGET_NAME)";
				SWIFT_VERSION = 3.0;
				TEST_HOST = "$(BUILT_PRODUCTS_DIR)/cip_calc_031217.app/cip_calc_031217";
			};
			name = Release;
		};
		32A70A501E760285002AE8AF /* Debug */ = {
			isa = XCBuildConfiguration;
			buildSettings = {
				ALWAYS_EMBED_SWIFT_STANDARD_LIBRARIES = YES;
				INFOPLIST_FILE = cip_calc_031217UITests/Info.plist;
				LD_RUNPATH_SEARCH_PATHS = "$(inherited) @executable_path/Frameworks @loader_path/Frameworks";
				PRODUCT_BUNDLE_IDENTIFIER = "dh.cip-calc-031217UITests";
				PRODUCT_NAME = "$(TARGET_NAME)";
				SWIFT_VERSION = 3.0;
				TEST_TARGET_NAME = cip_calc_031217;
			};
			name = Debug;
		};
		32A70A511E760285002AE8AF /* Release */ = {
			isa = XCBuildConfiguration;
			buildSettings = {
				ALWAYS_EMBED_SWIFT_STANDARD_LIBRARIES = YES;
				INFOPLIST_FILE = cip_calc_031217UITests/Info.plist;
				LD_RUNPATH_SEARCH_PATHS = "$(inherited) @executable_path/Frameworks @loader_path/Frameworks";
				PRODUCT_BUNDLE_IDENTIFIER = "dh.cip-calc-031217UITests";
				PRODUCT_NAME = "$(TARGET_NAME)";
				SWIFT_VERSION = 3.0;
				TEST_TARGET_NAME = cip_calc_031217;
			};
			name = Release;
		};
/* End XCBuildConfiguration section */

/* Begin XCConfigurationList section */
		32A70A191E760285002AE8AF /* Build configuration list for PBXProject "cip_calc_031217" */ = {
			isa = XCConfigurationList;
			buildConfigurations = (
				32A70A471E760285002AE8AF /* Debug */,
				32A70A481E760285002AE8AF /* Release */,
			);
			defaultConfigurationIsVisible = 0;
			defaultConfigurationName = Release;
		};
		32A70A491E760285002AE8AF /* Build configuration list for PBXNativeTarget "cip_calc_031217" */ = {
			isa = XCConfigurationList;
			buildConfigurations = (
				32A70A4A1E760285002AE8AF /* Debug */,
				32A70A4B1E760285002AE8AF /* Release */,
			);
			defaultConfigurationIsVisible = 0;
		};
		32A70A4C1E760285002AE8AF /* Build configuration list for PBXNativeTarget "cip_calc_031217Tests" */ = {
			isa = XCConfigurationList;
			buildConfigurations = (
				32A70A4D1E760285002AE8AF /* Debug */,
				32A70A4E1E760285002AE8AF /* Release */,
			);
			defaultConfigurationIsVisible = 0;
		};
		32A70A4F1E760285002AE8AF /* Build configuration list for PBXNativeTarget "cip_calc_031217UITests" */ = {
			isa = XCConfigurationList;
			buildConfigurations = (
				32A70A501E760285002AE8AF /* Debug */,
				32A70A511E760285002AE8AF /* Release */,
			);
			defaultConfigurationIsVisible = 0;
		};
/* End XCConfigurationList section */

/* Begin XCVersionGroup section */
		32A70A281E760285002AE8AF /* cip_calc_031217.xcdatamodeld */ = {
			isa = XCVersionGroup;
			children = (
				32A70A291E760285002AE8AF /* cip_calc_031217.xcdatamodel */,
			);
			currentVersion = 32A70A291E760285002AE8AF /* cip_calc_031217.xcdatamodel */;
			path = cip_calc_031217.xcdatamodeld;
			sourceTree = "<group>";
			versionGroupType = wrapper.xcdatamodel;
		};
/* End XCVersionGroup section */
	};
	rootObject = 32A70A161E760285002AE8AF /* Project object */;
}
